
Microsoft Visual Studio Solution File, Format Version 12.00
# Visual Studio Version 17
VisualStudioVersion = 17.9.34723.18
MinimumVisualStudioVersion = 10.0.40219.1
Project("{FAE04EC0-301F-11D3-BF4B-00C04F79EFBC}") = "DelegatesAndLambda", "DelegatesAndLambda\DelegatesAndLambda.csproj", "{FC76B3A5-3659-427F-9B63-F4AA9A669813}"
EndProject
Global
	GlobalSection(SolutionConfigurationPlatforms) = preSolution
		Debug|Any CPU = Debug|Any CPU
		Release|Any CPU = Release|Any CPU
	EndGlobalSection
	GlobalSection(ProjectConfigurationPlatforms) = postSolution
		{FC76B3A5-3659-427F-9B63-F4AA9A669813}.Debug|Any CPU.ActiveCfg = Debug|Any CPU
		{FC76B3A5-3659-427F-9B63-F4AA9A669813}.Debug|Any CPU.Build.0 = Debug|Any CPU
		{FC76B3A5-3659-427F-9B63-F4AA9A669813}.Release|Any CPU.ActiveCfg = Release|Any CPU
		{FC76B3A5-3659-427F-9B63-F4AA9A669813}.Release|Any CPU.Build.0 = Release|Any CPU
	EndGlobalSection
	GlobalSection(SolutionProperties) = preSolution
		HideSolutionNode = FALSE
	EndGlobalSection
	GlobalSection(ExtensibilityGlobals) = postSolution
		SolutionGuid = {3B2542D5-7070-4F30-92E7-607BCBFF7634}
	EndGlobalSection
EndGlobal
